
Microsoft Visual Studio Solution File, Format Version 12.00
# Visual Studio Version 17
VisualStudioVersion = 17.9.34902.65
MinimumVisualStudioVersion = 10.0.40219.1
Project("{FAE04EC0-301F-11D3-BF4B-00C04F79EFBC}") = "CoornidateXY", "CoornidateXY\CoornidateXY.csproj", "{877BD672-B839-432C-A0D6-B28122284DFA}"
EndProject
Global
	GlobalSection(SolutionConfigurationPlatforms) = preSolution
		Debug|Any CPU = Debug|Any CPU
		Release|Any CPU = Release|Any CPU
	EndGlobalSection
	GlobalSection(ProjectConfigurationPlatforms) = postSolution
		{877BD672-B839-432C-A0D6-B28122284DFA}.Debug|Any CPU.ActiveCfg = Debug|Any CPU
		{877BD672-B839-432C-A0D6-B28122284DFA}.Debug|Any CPU.Build.0 = Debug|Any CPU
		{877BD672-B839-432C-A0D6-B28122284DFA}.Release|Any CPU.ActiveCfg = Release|Any CPU
		{877BD672-B839-432C-A0D6-B28122284DFA}.Release|Any CPU.Build.0 = Release|Any CPU
	EndGlobalSection
	GlobalSection(SolutionProperties) = preSolution
		HideSolutionNode = FALSE
	EndGlobalSection
	GlobalSection(ExtensibilityGlobals) = postSolution
		SolutionGuid = {DB3D6C97-E928-445E-B26B-05620E877225}
	EndGlobalSection
EndGlobal
